
Microsoft Visual Studio Solution File, Format Version 12.00
# Visual Studio 14
VisualStudioVersion = 14.0.25420.1
MinimumVisualStudioVersion = 10.0.40219.1
Project("{FAE04EC0-301F-11D3-BF4B-00C04F79EFBC}") = "DeleteLine", "DeleteLine\DeleteLine.csproj", "{FF050D32-0509-4A4C-8894-2CCDDD36414C}"
EndProject
Project("{FAE04EC0-301F-11D3-BF4B-00C04F79EFBC}") = "UnitTestDeleteLine", "UnitTestDeleteLine\UnitTestDeleteLine.csproj", "{10F1AF26-DF53-464C-BB95-BE799F5FE2C0}"
EndProject
Global
	GlobalSection(SolutionConfigurationPlatforms) = preSolution
		Debug|Any CPU = Debug|Any CPU
		Release|Any CPU = Release|Any CPU
	EndGlobalSection
	GlobalSection(ProjectConfigurationPlatforms) = postSolution
		{FF050D32-0509-4A4C-8894-2CCDDD36414C}.Debug|Any CPU.ActiveCfg = Debug|Any CPU
		{FF050D32-0509-4A4C-8894-2CCDDD36414C}.Debug|Any CPU.Build.0 = Debug|Any CPU
		{FF050D32-0509-4A4C-8894-2CCDDD36414C}.Release|Any CPU.ActiveCfg = Release|Any CPU
		{FF050D32-0509-4A4C-8894-2CCDDD36414C}.Release|Any CPU.Build.0 = Release|Any CPU
		{10F1AF26-DF53-464C-BB95-BE799F5FE2C0}.Debug|Any CPU.ActiveCfg = Debug|Any CPU
		{10F1AF26-DF53-464C-BB95-BE799F5FE2C0}.Debug|Any CPU.Build.0 = Debug|Any CPU
		{10F1AF26-DF53-464C-BB95-BE799F5FE2C0}.Release|Any CPU.ActiveCfg = Release|Any CPU
		{10F1AF26-DF53-464C-BB95-BE799F5FE2C0}.Release|Any CPU.Build.0 = Release|Any CPU
	EndGlobalSection
	GlobalSection(SolutionProperties) = preSolution
		HideSolutionNode = FALSE
	EndGlobalSection
	GlobalSection(TeamFoundationVersionControl) = preSolution
		SccNumberOfProjects = 3
		SccEnterpriseProvider = {4CA58AB2-18FA-4F8D-95D4-32DDF27D184C}
		SccTeamFoundationServer = https://sogeti-barclays-e-tresorerie.visualstudio.com/
		SccLocalPath0 = .
		SccProjectUniqueName1 = DeleteLine\\DeleteLine.csproj
		SccProjectName1 = DeleteLine
		SccLocalPath1 = DeleteLine
		SccProjectUniqueName2 = UnitTestDeleteLine\\UnitTestDeleteLine.csproj
		SccProjectName2 = UnitTestDeleteLine
		SccLocalPath2 = UnitTestDeleteLine
	EndGlobalSection
EndGlobal
